
Microsoft Visual Studio Solution File, Format Version 12.00
# Visual Studio Version 17
VisualStudioVersion = 17.5.002.0
MinimumVisualStudioVersion = 10.0.40219.1
Project("{FAE04EC0-301F-11D3-BF4B-00C04F79EFBC}") = "day-01", "day-01\day-01.csproj", "{8319FB68-BBBD-435D-BCD1-BC65CD21970C}"
EndProject
Project("{FAE04EC0-301F-11D3-BF4B-00C04F79EFBC}") = "day-02", "day-02\day-02.csproj", "{FFB7C86E-9544-4547-9AFD-8AA3691B4A4C}"
EndProject
Project("{FAE04EC0-301F-11D3-BF4B-00C04F79EFBC}") = "day-03", "day-03\day-03.csproj", "{EA2D5EF1-61C3-4ED9-82E2-D38FC943F841}"
EndProject
Project("{FAE04EC0-301F-11D3-BF4B-00C04F79EFBC}") = "day-04", "day-04\day-04.csproj", "{FA915CA3-0C16-4AF7-A0F9-5B6033255504}"
EndProject
Project("{FAE04EC0-301F-11D3-BF4B-00C04F79EFBC}") = "day-05", "day-05\day-05.csproj", "{F6F4A9FB-2F69-4844-8D48-F05ADF146C33}"
EndProject
Project("{FAE04EC0-301F-11D3-BF4B-00C04F79EFBC}") = "day-06", "day-06\day-06.csproj", "{7396CD48-BC23-4CA3-BEE8-AC15C154A3EB}"
EndProject
Project("{FAE04EC0-301F-11D3-BF4B-00C04F79EFBC}") = "day-07", "day-07\day-07.csproj", "{7254EAC0-60F4-4CB1-99E7-E6F73722A160}"
EndProject
Project("{FAE04EC0-301F-11D3-BF4B-00C04F79EFBC}") = "day-08", "day-08\day-08.csproj", "{F357DE5A-39E3-431F-9683-8C60B7EE271F}"
EndProject
Project("{FAE04EC0-301F-11D3-BF4B-00C04F79EFBC}") = "AdventKit", "AdventKit\AdventKit.csproj", "{3A357BAD-A806-4891-9789-4FAC9FD1A41E}"
EndProject
Project("{FAE04EC0-301F-11D3-BF4B-00C04F79EFBC}") = "day-09", "day-09\day-09.csproj", "{93DDE4C9-0247-47B8-9B53-2D23EE25DBB3}"
EndProject
Project("{FAE04EC0-301F-11D3-BF4B-00C04F79EFBC}") = "day-10", "day-10\day-10.csproj", "{CAC70FFA-5914-4D2F-B746-DABE39ABD038}"
EndProject
Project("{FAE04EC0-301F-11D3-BF4B-00C04F79EFBC}") = "day-11", "day-11\day-11.csproj", "{229100C6-FD4B-4A55-A6C0-21139315E9C5}"
EndProject
Project("{FAE04EC0-301F-11D3-BF4B-00C04F79EFBC}") = "day-12", "day-12\day-12.csproj", "{931727DD-D307-41DC-AC49-5AFEA235CB58}"
EndProject
Project("{FAE04EC0-301F-11D3-BF4B-00C04F79EFBC}") = "day-13", "day-13\day-13.csproj", "{B08504F4-ABC9-4D44-9056-5A553546D186}"
EndProject
Project("{FAE04EC0-301F-11D3-BF4B-00C04F79EFBC}") = "day-14", "day-14\day-14.csproj", "{74495CAC-BF4D-4386-AEB7-F904C7898440}"
EndProject
Project("{FAE04EC0-301F-11D3-BF4B-00C04F79EFBC}") = "day-15", "day-15\day-15.csproj", "{77FC86F3-377B-42FC-ABD2-147E2A1B5A8C}"
EndProject
Project("{FAE04EC0-301F-11D3-BF4B-00C04F79EFBC}") = "day-16", "day-16\day-16.csproj", "{64A82154-4923-4CB1-9E13-1533940DA82F}"
EndProject
Project("{FAE04EC0-301F-11D3-BF4B-00C04F79EFBC}") = "day-17", "day-17\day-17.csproj", "{1B9D4519-B281-4400-B56C-C69A161C8C65}"
EndProject
Global
	GlobalSection(SolutionConfigurationPlatforms) = preSolution
		Debug|Any CPU = Debug|Any CPU
		Release|Any CPU = Release|Any CPU
	EndGlobalSection
	GlobalSection(ProjectConfigurationPlatforms) = postSolution
		{8319FB68-BBBD-435D-BCD1-BC65CD21970C}.Debug|Any CPU.ActiveCfg = Debug|Any CPU
		{8319FB68-BBBD-435D-BCD1-BC65CD21970C}.Debug|Any CPU.Build.0 = Debug|Any CPU
		{8319FB68-BBBD-435D-BCD1-BC65CD21970C}.Release|Any CPU.ActiveCfg = Release|Any CPU
		{8319FB68-BBBD-435D-BCD1-BC65CD21970C}.Release|Any CPU.Build.0 = Release|Any CPU
		{FFB7C86E-9544-4547-9AFD-8AA3691B4A4C}.Debug|Any CPU.ActiveCfg = Debug|Any CPU
		{FFB7C86E-9544-4547-9AFD-8AA3691B4A4C}.Debug|Any CPU.Build.0 = Debug|Any CPU
		{FFB7C86E-9544-4547-9AFD-8AA3691B4A4C}.Release|Any CPU.ActiveCfg = Release|Any CPU
		{FFB7C86E-9544-4547-9AFD-8AA3691B4A4C}.Release|Any CPU.Build.0 = Release|Any CPU
		{EA2D5EF1-61C3-4ED9-82E2-D38FC943F841}.Debug|Any CPU.ActiveCfg = Debug|Any CPU
		{EA2D5EF1-61C3-4ED9-82E2-D38FC943F841}.Debug|Any CPU.Build.0 = Debug|Any CPU
		{EA2D5EF1-61C3-4ED9-82E2-D38FC943F841}.Release|Any CPU.ActiveCfg = Release|Any CPU
		{EA2D5EF1-61C3-4ED9-82E2-D38FC943F841}.Release|Any CPU.Build.0 = Release|Any CPU
		{FA915CA3-0C16-4AF7-A0F9-5B6033255504}.Debug|Any CPU.ActiveCfg = Debug|Any CPU
		{FA915CA3-0C16-4AF7-A0F9-5B6033255504}.Debug|Any CPU.Build.0 = Debug|Any CPU
		{FA915CA3-0C16-4AF7-A0F9-5B6033255504}.Release|Any CPU.ActiveCfg = Release|Any CPU
		{FA915CA3-0C16-4AF7-A0F9-5B6033255504}.Release|Any CPU.Build.0 = Release|Any CPU
		{F6F4A9FB-2F69-4844-8D48-F05ADF146C33}.Debug|Any CPU.ActiveCfg = Debug|Any CPU
		{F6F4A9FB-2F69-4844-8D48-F05ADF146C33}.Debug|Any CPU.Build.0 = Debug|Any CPU
		{F6F4A9FB-2F69-4844-8D48-F05ADF146C33}.Release|Any CPU.ActiveCfg = Release|Any CPU
		{F6F4A9FB-2F69-4844-8D48-F05ADF146C33}.Release|Any CPU.Build.0 = Release|Any CPU
		{7396CD48-BC23-4CA3-BEE8-AC15C154A3EB}.Debug|Any CPU.ActiveCfg = Debug|Any CPU
		{7396CD48-BC23-4CA3-BEE8-AC15C154A3EB}.Debug|Any CPU.Build.0 = Debug|Any CPU
		{7396CD48-BC23-4CA3-BEE8-AC15C154A3EB}.Release|Any CPU.ActiveCfg = Release|Any CPU
		{7396CD48-BC23-4CA3-BEE8-AC15C154A3EB}.Release|Any CPU.Build.0 = Release|Any CPU
		{7254EAC0-60F4-4CB1-99E7-E6F73722A160}.Debug|Any CPU.ActiveCfg = Debug|Any CPU
		{7254EAC0-60F4-4CB1-99E7-E6F73722A160}.Debug|Any CPU.Build.0 = Debug|Any CPU
		{7254EAC0-60F4-4CB1-99E7-E6F73722A160}.Release|Any CPU.ActiveCfg = Release|Any CPU
		{7254EAC0-60F4-4CB1-99E7-E6F73722A160}.Release|Any CPU.Build.0 = Release|Any CPU
		{F357DE5A-39E3-431F-9683-8C60B7EE271F}.Debug|Any CPU.ActiveCfg = Debug|Any CPU
		{F357DE5A-39E3-431F-9683-8C60B7EE271F}.Debug|Any CPU.Build.0 = Debug|Any CPU
		{F357DE5A-39E3-431F-9683-8C60B7EE271F}.Release|Any CPU.ActiveCfg = Release|Any CPU
		{F357DE5A-39E3-431F-9683-8C60B7EE271F}.Release|Any CPU.Build.0 = Release|Any CPU
		{3A357BAD-A806-4891-9789-4FAC9FD1A41E}.Debug|Any CPU.ActiveCfg = Debug|Any CPU
		{3A357BAD-A806-4891-9789-4FAC9FD1A41E}.Debug|Any CPU.Build.0 = Debug|Any CPU
		{3A357BAD-A806-4891-9789-4FAC9FD1A41E}.Release|Any CPU.ActiveCfg = Release|Any CPU
		{3A357BAD-A806-4891-9789-4FAC9FD1A41E}.Release|Any CPU.Build.0 = Release|Any CPU
		{93DDE4C9-0247-47B8-9B53-2D23EE25DBB3}.Debug|Any CPU.ActiveCfg = Debug|Any CPU
		{93DDE4C9-0247-47B8-9B53-2D23EE25DBB3}.Debug|Any CPU.Build.0 = Debug|Any CPU
		{93DDE4C9-0247-47B8-9B53-2D23EE25DBB3}.Release|Any CPU.ActiveCfg = Release|Any CPU
		{93DDE4C9-0247-47B8-9B53-2D23EE25DBB3}.Release|Any CPU.Build.0 = Release|Any CPU
		{CAC70FFA-5914-4D2F-B746-DABE39ABD038}.Debug|Any CPU.ActiveCfg = Debug|Any CPU
		{CAC70FFA-5914-4D2F-B746-DABE39ABD038}.Debug|Any CPU.Build.0 = Debug|Any CPU
		{CAC70FFA-5914-4D2F-B746-DABE39ABD038}.Release|Any CPU.ActiveCfg = Release|Any CPU
		{CAC70FFA-5914-4D2F-B746-DABE39ABD038}.Release|Any CPU.Build.0 = Release|Any CPU
		{229100C6-FD4B-4A55-A6C0-21139315E9C5}.Debug|Any CPU.ActiveCfg = Debug|Any CPU
		{229100C6-FD4B-4A55-A6C0-21139315E9C5}.Debug|Any CPU.Build.0 = Debug|Any CPU
		{229100C6-FD4B-4A55-A6C0-21139315E9C5}.Release|Any CPU.ActiveCfg = Release|Any CPU
		{229100C6-FD4B-4A55-A6C0-21139315E9C5}.Release|Any CPU.Build.0 = Release|Any CPU
		{931727DD-D307-41DC-AC49-5AFEA235CB58}.Debug|Any CPU.ActiveCfg = Debug|Any CPU
		{931727DD-D307-41DC-AC49-5AFEA235CB58}.Debug|Any CPU.Build.0 = Debug|Any CPU
		{931727DD-D307-41DC-AC49-5AFEA235CB58}.Release|Any CPU.ActiveCfg = Release|Any CPU
		{931727DD-D307-41DC-AC49-5AFEA235CB58}.Release|Any CPU.Build.0 = Release|Any CPU
		{B08504F4-ABC9-4D44-9056-5A553546D186}.Debug|Any CPU.ActiveCfg = Debug|Any CPU
		{B08504F4-ABC9-4D44-9056-5A553546D186}.Debug|Any CPU.Build.0 = Debug|Any CPU
		{B08504F4-ABC9-4D44-9056-5A553546D186}.Release|Any CPU.ActiveCfg = Release|Any CPU
		{B08504F4-ABC9-4D44-9056-5A553546D186}.Release|Any CPU.Build.0 = Release|Any CPU
		{74495CAC-BF4D-4386-AEB7-F904C7898440}.Debug|Any CPU.ActiveCfg = Debug|Any CPU
		{74495CAC-BF4D-4386-AEB7-F904C7898440}.Debug|Any CPU.Build.0 = Debug|Any CPU
		{74495CAC-BF4D-4386-AEB7-F904C7898440}.Release|Any CPU.ActiveCfg = Release|Any CPU
		{74495CAC-BF4D-4386-AEB7-F904C7898440}.Release|Any CPU.Build.0 = Release|Any CPU
		{77FC86F3-377B-42FC-ABD2-147E2A1B5A8C}.Debug|Any CPU.ActiveCfg = Debug|Any CPU
		{77FC86F3-377B-42FC-ABD2-147E2A1B5A8C}.Debug|Any CPU.Build.0 = Debug|Any CPU
		{77FC86F3-377B-42FC-ABD2-147E2A1B5A8C}.Release|Any CPU.ActiveCfg = Release|Any CPU
		{77FC86F3-377B-42FC-ABD2-147E2A1B5A8C}.Release|Any CPU.Build.0 = Release|Any CPU
		{64A82154-4923-4CB1-9E13-1533940DA82F}.Debug|Any CPU.ActiveCfg = Debug|Any CPU
		{64A82154-4923-4CB1-9E13-1533940DA82F}.Debug|Any CPU.Build.0 = Debug|Any CPU
		{64A82154-4923-4CB1-9E13-1533940DA82F}.Release|Any CPU.ActiveCfg = Release|Any CPU
		{64A82154-4923-4CB1-9E13-1533940DA82F}.Release|Any CPU.Build.0 = Release|Any CPU
		{1B9D4519-B281-4400-B56C-C69A161C8C65}.Debug|Any CPU.ActiveCfg = Debug|Any CPU
		{1B9D4519-B281-4400-B56C-C69A161C8C65}.Debug|Any CPU.Build.0 = Debug|Any CPU
		{1B9D4519-B281-4400-B56C-C69A161C8C65}.Release|Any CPU.ActiveCfg = Release|Any CPU
		{1B9D4519-B281-4400-B56C-C69A161C8C65}.Release|Any CPU.Build.0 = Release|Any CPU
	EndGlobalSection
	GlobalSection(SolutionProperties) = preSolution
		HideSolutionNode = FALSE
	EndGlobalSection
	GlobalSection(ExtensibilityGlobals) = postSolution
		SolutionGuid = {107DC9B6-6BBF-460A-9231-D14DA05ABC61}
	EndGlobalSection
EndGlobal
