
Microsoft Visual Studio Solution File, Format Version 12.00
# Visual Studio Version 17
VisualStudioVersion = 17.5.002.0
MinimumVisualStudioVersion = 10.0.40219.1
Project("{FAE04EC0-301F-11D3-BF4B-00C04F79EFBC}") = "day-01", "day-01\day-01.csproj", "{8319FB68-BBBD-435D-BCD1-BC65CD21970C}"
EndProject
Project("{FAE04EC0-301F-11D3-BF4B-00C04F79EFBC}") = "day-02", "day-02\day-02.csproj", "{FFB7C86E-9544-4547-9AFD-8AA3691B4A4C}"
EndProject
Project("{FAE04EC0-301F-11D3-BF4B-00C04F79EFBC}") = "day-03", "day-03\day-03.csproj", "{EA2D5EF1-61C3-4ED9-82E2-D38FC943F841}"
EndProject
Project("{FAE04EC0-301F-11D3-BF4B-00C04F79EFBC}") = "day-04", "day-04\day-04.csproj", "{FA915CA3-0C16-4AF7-A0F9-5B6033255504}"
EndProject
Project("{FAE04EC0-301F-11D3-BF4B-00C04F79EFBC}") = "day-05", "day-05\day-05.csproj", "{F6F4A9FB-2F69-4844-8D48-F05ADF146C33}"
EndProject
Global
	GlobalSection(SolutionConfigurationPlatforms) = preSolution
		Debug|Any CPU = Debug|Any CPU
		Release|Any CPU = Release|Any CPU
	EndGlobalSection
	GlobalSection(ProjectConfigurationPlatforms) = postSolution
		{8319FB68-BBBD-435D-BCD1-BC65CD21970C}.Debug|Any CPU.ActiveCfg = Debug|Any CPU
		{8319FB68-BBBD-435D-BCD1-BC65CD21970C}.Debug|Any CPU.Build.0 = Debug|Any CPU
		{8319FB68-BBBD-435D-BCD1-BC65CD21970C}.Release|Any CPU.ActiveCfg = Release|Any CPU
		{8319FB68-BBBD-435D-BCD1-BC65CD21970C}.Release|Any CPU.Build.0 = Release|Any CPU
		{FFB7C86E-9544-4547-9AFD-8AA3691B4A4C}.Debug|Any CPU.ActiveCfg = Debug|Any CPU
		{FFB7C86E-9544-4547-9AFD-8AA3691B4A4C}.Debug|Any CPU.Build.0 = Debug|Any CPU
		{FFB7C86E-9544-4547-9AFD-8AA3691B4A4C}.Release|Any CPU.ActiveCfg = Release|Any CPU
		{FFB7C86E-9544-4547-9AFD-8AA3691B4A4C}.Release|Any CPU.Build.0 = Release|Any CPU
		{EA2D5EF1-61C3-4ED9-82E2-D38FC943F841}.Debug|Any CPU.ActiveCfg = Debug|Any CPU
		{EA2D5EF1-61C3-4ED9-82E2-D38FC943F841}.Debug|Any CPU.Build.0 = Debug|Any CPU
		{EA2D5EF1-61C3-4ED9-82E2-D38FC943F841}.Release|Any CPU.ActiveCfg = Release|Any CPU
		{EA2D5EF1-61C3-4ED9-82E2-D38FC943F841}.Release|Any CPU.Build.0 = Release|Any CPU
		{FA915CA3-0C16-4AF7-A0F9-5B6033255504}.Debug|Any CPU.ActiveCfg = Debug|Any CPU
		{FA915CA3-0C16-4AF7-A0F9-5B6033255504}.Debug|Any CPU.Build.0 = Debug|Any CPU
		{FA915CA3-0C16-4AF7-A0F9-5B6033255504}.Release|Any CPU.ActiveCfg = Release|Any CPU
		{FA915CA3-0C16-4AF7-A0F9-5B6033255504}.Release|Any CPU.Build.0 = Release|Any CPU
		{F6F4A9FB-2F69-4844-8D48-F05ADF146C33}.Debug|Any CPU.ActiveCfg = Debug|Any CPU
		{F6F4A9FB-2F69-4844-8D48-F05ADF146C33}.Debug|Any CPU.Build.0 = Debug|Any CPU
		{F6F4A9FB-2F69-4844-8D48-F05ADF146C33}.Release|Any CPU.ActiveCfg = Release|Any CPU
		{F6F4A9FB-2F69-4844-8D48-F05ADF146C33}.Release|Any CPU.Build.0 = Release|Any CPU
	EndGlobalSection
	GlobalSection(SolutionProperties) = preSolution
		HideSolutionNode = FALSE
	EndGlobalSection
	GlobalSection(ExtensibilityGlobals) = postSolution
		SolutionGuid = {107DC9B6-6BBF-460A-9231-D14DA05ABC61}
	EndGlobalSection
EndGlobal
