
Microsoft Visual Studio Solution File, Format Version 12.00
# Visual Studio Version 17
VisualStudioVersion = 17.5.002.0
MinimumVisualStudioVersion = 10.0.40219.1
Project("{9A19103F-16F7-4668-BE54-9A1E7A4F7556}") = "day-01", "day-01\day-01.csproj", "{D75CB1F8-7C4C-4217-9B53-134F7DF0AA90}"
EndProject
Project("{FAE04EC0-301F-11D3-BF4B-00C04F79EFBC}") = "day-02", "day-02\day-02.csproj", "{E9466618-985B-4405-AFEB-0CAECAE587BE}"
EndProject
Global
	GlobalSection(SolutionConfigurationPlatforms) = preSolution
		Debug|Any CPU = Debug|Any CPU
		Release|Any CPU = Release|Any CPU
	EndGlobalSection
	GlobalSection(ProjectConfigurationPlatforms) = postSolution
		{D75CB1F8-7C4C-4217-9B53-134F7DF0AA90}.Debug|Any CPU.ActiveCfg = Debug|Any CPU
		{D75CB1F8-7C4C-4217-9B53-134F7DF0AA90}.Debug|Any CPU.Build.0 = Debug|Any CPU
		{D75CB1F8-7C4C-4217-9B53-134F7DF0AA90}.Release|Any CPU.ActiveCfg = Release|Any CPU
		{D75CB1F8-7C4C-4217-9B53-134F7DF0AA90}.Release|Any CPU.Build.0 = Release|Any CPU
		{E9466618-985B-4405-AFEB-0CAECAE587BE}.Debug|Any CPU.ActiveCfg = Debug|Any CPU
		{E9466618-985B-4405-AFEB-0CAECAE587BE}.Debug|Any CPU.Build.0 = Debug|Any CPU
		{E9466618-985B-4405-AFEB-0CAECAE587BE}.Release|Any CPU.ActiveCfg = Release|Any CPU
		{E9466618-985B-4405-AFEB-0CAECAE587BE}.Release|Any CPU.Build.0 = Release|Any CPU
	EndGlobalSection
	GlobalSection(SolutionProperties) = preSolution
		HideSolutionNode = FALSE
	EndGlobalSection
	GlobalSection(ExtensibilityGlobals) = postSolution
		SolutionGuid = {107DC9B6-6BBF-460A-9231-D14DA05ABC61}
	EndGlobalSection
EndGlobal
