
Microsoft Visual Studio Solution File, Format Version 12.00
# Visual Studio Version 17
VisualStudioVersion = 17.5.002.0
MinimumVisualStudioVersion = 10.0.40219.1
Project("{9A19103F-16F7-4668-BE54-9A1E7A4F7556}") = "day-20", "day-20.csproj", "{F6CF7D28-632F-424B-84F8-29E3BA351F7A}"
EndProject
Global
	GlobalSection(SolutionConfigurationPlatforms) = preSolution
		Debug|Any CPU = Debug|Any CPU
		Release|Any CPU = Release|Any CPU
	EndGlobalSection
	GlobalSection(ProjectConfigurationPlatforms) = postSolution
		{F6CF7D28-632F-424B-84F8-29E3BA351F7A}.Debug|Any CPU.ActiveCfg = Debug|Any CPU
		{F6CF7D28-632F-424B-84F8-29E3BA351F7A}.Debug|Any CPU.Build.0 = Debug|Any CPU
		{F6CF7D28-632F-424B-84F8-29E3BA351F7A}.Release|Any CPU.ActiveCfg = Release|Any CPU
		{F6CF7D28-632F-424B-84F8-29E3BA351F7A}.Release|Any CPU.Build.0 = Release|Any CPU
	EndGlobalSection
	GlobalSection(SolutionProperties) = preSolution
		HideSolutionNode = FALSE
	EndGlobalSection
	GlobalSection(ExtensibilityGlobals) = postSolution
		SolutionGuid = {BFCF7CB9-63B1-402A-9B55-596CE40CEAED}
	EndGlobalSection
EndGlobal
